
Microsoft Visual Studio Solution File, Format Version 12.00
# Visual Studio 15
VisualStudioVersion = 15.0.28010.2019
MinimumVisualStudioVersion = 10.0.40219.1
Project("{FAE04EC0-301F-11D3-BF4B-00C04F79EFBC}") = "Queues", "Queues\Queues.csproj", "{7265E1B6-1E24-484C-B964-009CCE0ED868}"
EndProject
Global
	GlobalSection(SolutionConfigurationPlatforms) = preSolution
		Debug|Any CPU = Debug|Any CPU
		Release|Any CPU = Release|Any CPU
	EndGlobalSection
	GlobalSection(ProjectConfigurationPlatforms) = postSolution
		{7265E1B6-1E24-484C-B964-009CCE0ED868}.Debug|Any CPU.ActiveCfg = Debug|Any CPU
		{7265E1B6-1E24-484C-B964-009CCE0ED868}.Debug|Any CPU.Build.0 = Debug|Any CPU
		{7265E1B6-1E24-484C-B964-009CCE0ED868}.Release|Any CPU.ActiveCfg = Release|Any CPU
		{7265E1B6-1E24-484C-B964-009CCE0ED868}.Release|Any CPU.Build.0 = Release|Any CPU
	EndGlobalSection
	GlobalSection(SolutionProperties) = preSolution
		HideSolutionNode = FALSE
	EndGlobalSection
	GlobalSection(ExtensibilityGlobals) = postSolution
		SolutionGuid = {0454CB7E-2ED0-4357-9C6A-1878FF1D2C7D}
	EndGlobalSection
EndGlobal
